{
  "name": "myrepository",
  "version": "1.0.0",
  "lockfileVersion": 1,
  "requires": true,
  "dependencies": {
    "@types/node": {
      "version": "12.0.0",
      "resolved": "https://registry.npmjs.org/@types/node/-/node-12.0.0.tgz",
      "integrity": "sha512-Jrb/x3HT4PTJp6a4avhmJCDEVrPdqLfl3e8GGMbpkGGdwAV5UGlIs4vVEfsHHfylZVOKZWpOqmqFH8CbfOZ6kg==",
      "dev": true
    },
    "cadence": {
      "version": "0.0.37",
      "resolved": "https://registry.npmjs.org/cadence/-/cadence-0.0.37.tgz",
      "integrity": "sha1-KT9BomqmxEDG5ElyLCIFdG5vmQ8=",
      "dev": true
    },
    "hash.block": {
      "version": "0.0.0",
      "resolved": "https://registry.npmjs.org/hash.block/-/hash.block-0.0.0.tgz",
      "integrity": "sha1-+5A+3/MA/F2DyEYEU6U8e088h5I=",
      "dev": true,
      "requires": {
        "hash.stream": "0.0.0"
      }
    },
    "hash.murmur3.32": {
      "version": "0.0.0",
      "resolved": "https://registry.npmjs.org/hash.murmur3.32/-/hash.murmur3.32-0.0.0.tgz",
      "integrity": "sha1-Fb/GbQ/rZdwr7Jzg7bPUE6HzmzE=",
      "dev": true,
      "requires": {
        "hash.block": "0.0.0"
      }
    },
    "hash.stream": {
      "version": "0.0.0",
      "resolved": "https://registry.npmjs.org/hash.stream/-/hash.stream-0.0.0.tgz",
      "integrity": "sha1-jfy/9bj0Z3ZAWKEJfdEjLCHgqXE=",
      "dev": true
    },
    "transcript": {
      "version": "0.0.6",
      "resolved": "https://registry.npmjs.org/transcript/-/transcript-0.0.6.tgz",
      "integrity": "sha1-7CZOYVgUprX9o+QbOGcVMIduxKw=",
      "dev": true,
      "requires": {
        "cadence": "0.0.37",
        "hash.murmur3.32": "0.0.0"
      }
    },
    "typescript": {
      "version": "3.4.5",
      "resolved": "https://registry.npmjs.org/typescript/-/typescript-3.4.5.tgz",
      "integrity": "sha512-YycBxUb49UUhdNMU5aJ7z5Ej2XGmaIBL0x34vZ82fn3hGvD+bgrMrVDpatgz2f7YxUMJxMkbWxJZeAvDxVe7Vw=="
    }
  }
}
